
Microsoft Visual Studio Solution File, Format Version 12.00
# Visual Studio Version 17
VisualStudioVersion = 17.1.32228.430
MinimumVisualStudioVersion = 10.0.40219.1
Project("{FAE04EC0-301F-11D3-BF4B-00C04F79EFBC}") = "MailClient", "MailClient\MailClient.csproj", "{4852087A-CC40-4E25-8AE5-9A83197D46D6}"
EndProject
Global
	GlobalSection(SolutionConfigurationPlatforms) = preSolution
		Debug|Any CPU = Debug|Any CPU
		Release|Any CPU = Release|Any CPU
	EndGlobalSection
	GlobalSection(ProjectConfigurationPlatforms) = postSolution
		{4852087A-CC40-4E25-8AE5-9A83197D46D6}.Debug|Any CPU.ActiveCfg = Debug|Any CPU
		{4852087A-CC40-4E25-8AE5-9A83197D46D6}.Debug|Any CPU.Build.0 = Debug|Any CPU
		{4852087A-CC40-4E25-8AE5-9A83197D46D6}.Release|Any CPU.ActiveCfg = Release|Any CPU
		{4852087A-CC40-4E25-8AE5-9A83197D46D6}.Release|Any CPU.Build.0 = Release|Any CPU
	EndGlobalSection
	GlobalSection(SolutionProperties) = preSolution
		HideSolutionNode = FALSE
	EndGlobalSection
	GlobalSection(ExtensibilityGlobals) = postSolution
		SolutionGuid = {968EEE93-A775-4266-99F2-A557AA7FC220}
	EndGlobalSection
EndGlobal
